
Microsoft Visual Studio Solution File, Format Version 12.00
# Visual Studio Version 17
VisualStudioVersion = 17.8.34511.84
MinimumVisualStudioVersion = 10.0.40219.1
Project("{9A19103F-16F7-4668-BE54-9A1E7A4F7556}") = "KMMDotNetCore.ConsoleApp", "KMMDotNetCore.ConsoleApp\KMMDotNetCore.ConsoleApp.csproj", "{5635511A-A474-42FC-9D95-F59392E9182F}"
EndProject
Project("{2150E333-8FDC-42A3-9474-1A3956D46DE8}") = "Documents", "Documents", "{B4529270-CF96-4722-B9DA-02D682365FBE}"
	ProjectSection(SolutionItems) = preProject
		README.md = README.md
	EndProjectSection
EndProject
Project("{9A19103F-16F7-4668-BE54-9A1E7A4F7556}") = "KMMDotNetCore.Database", "KMMDotNetCore.Database\KMMDotNetCore.Database.csproj", "{50F23603-3514-45ED-A479-8323D5F193F7}"
EndProject
Project("{9A19103F-16F7-4668-BE54-9A1E7A4F7556}") = "KMMDotNetCore.ConsoleApp2", "KMMDotNetCore.ConsoleApp2\KMMDotNetCore.ConsoleApp2.csproj", "{929EB283-7306-47BA-876C-93AD46A46575}"
EndProject
Project("{FAE04EC0-301F-11D3-BF4B-00C04F79EFBC}") = "KMMDotNetCore.RestApi", "KMMDotNetCore.RestApi\KMMDotNetCore.RestApi.csproj", "{F0C5B5F9-D603-48D7-9DFC-821288D867D2}"
EndProject
Global
	GlobalSection(SolutionConfigurationPlatforms) = preSolution
		Debug|Any CPU = Debug|Any CPU
		Release|Any CPU = Release|Any CPU
	EndGlobalSection
	GlobalSection(ProjectConfigurationPlatforms) = postSolution
		{5635511A-A474-42FC-9D95-F59392E9182F}.Debug|Any CPU.ActiveCfg = Debug|Any CPU
		{5635511A-A474-42FC-9D95-F59392E9182F}.Debug|Any CPU.Build.0 = Debug|Any CPU
		{5635511A-A474-42FC-9D95-F59392E9182F}.Release|Any CPU.ActiveCfg = Release|Any CPU
		{5635511A-A474-42FC-9D95-F59392E9182F}.Release|Any CPU.Build.0 = Release|Any CPU
		{50F23603-3514-45ED-A479-8323D5F193F7}.Debug|Any CPU.ActiveCfg = Debug|Any CPU
		{50F23603-3514-45ED-A479-8323D5F193F7}.Debug|Any CPU.Build.0 = Debug|Any CPU
		{50F23603-3514-45ED-A479-8323D5F193F7}.Release|Any CPU.ActiveCfg = Release|Any CPU
		{50F23603-3514-45ED-A479-8323D5F193F7}.Release|Any CPU.Build.0 = Release|Any CPU
		{929EB283-7306-47BA-876C-93AD46A46575}.Debug|Any CPU.ActiveCfg = Debug|Any CPU
		{929EB283-7306-47BA-876C-93AD46A46575}.Debug|Any CPU.Build.0 = Debug|Any CPU
		{929EB283-7306-47BA-876C-93AD46A46575}.Release|Any CPU.ActiveCfg = Release|Any CPU
		{929EB283-7306-47BA-876C-93AD46A46575}.Release|Any CPU.Build.0 = Release|Any CPU
		{F0C5B5F9-D603-48D7-9DFC-821288D867D2}.Debug|Any CPU.ActiveCfg = Debug|Any CPU
		{F0C5B5F9-D603-48D7-9DFC-821288D867D2}.Debug|Any CPU.Build.0 = Debug|Any CPU
		{F0C5B5F9-D603-48D7-9DFC-821288D867D2}.Release|Any CPU.ActiveCfg = Release|Any CPU
		{F0C5B5F9-D603-48D7-9DFC-821288D867D2}.Release|Any CPU.Build.0 = Release|Any CPU
	EndGlobalSection
	GlobalSection(SolutionProperties) = preSolution
		HideSolutionNode = FALSE
	EndGlobalSection
	GlobalSection(ExtensibilityGlobals) = postSolution
		SolutionGuid = {A0B0F127-72BD-44BB-BDE5-8B517D8DF45C}
	EndGlobalSection
EndGlobal
